
Microsoft Visual Studio Solution File, Format Version 12.00
# Visual Studio Version 17
VisualStudioVersion = 17.10.34916.146
MinimumVisualStudioVersion = 10.0.40219.1
Project("{FAE04EC0-301F-11D3-BF4B-00C04F79EFBC}") = "Server", "Server\Server.csproj", "{7EDCF5AE-886C-415D-B045-12446D156DD2}"
EndProject
Project("{FAE04EC0-301F-11D3-BF4B-00C04F79EFBC}") = "Client", "Client\Client.csproj", "{4CD38611-87C0-4D20-B61F-F117DF30FEEA}"
EndProject
Global
	GlobalSection(SolutionConfigurationPlatforms) = preSolution
		Debug|Any CPU = Debug|Any CPU
		Release|Any CPU = Release|Any CPU
	EndGlobalSection
	GlobalSection(ProjectConfigurationPlatforms) = postSolution
		{7EDCF5AE-886C-415D-B045-12446D156DD2}.Debug|Any CPU.ActiveCfg = Debug|Any CPU
		{7EDCF5AE-886C-415D-B045-12446D156DD2}.Debug|Any CPU.Build.0 = Debug|Any CPU
		{7EDCF5AE-886C-415D-B045-12446D156DD2}.Release|Any CPU.ActiveCfg = Release|Any CPU
		{7EDCF5AE-886C-415D-B045-12446D156DD2}.Release|Any CPU.Build.0 = Release|Any CPU
		{4CD38611-87C0-4D20-B61F-F117DF30FEEA}.Debug|Any CPU.ActiveCfg = Debug|Any CPU
		{4CD38611-87C0-4D20-B61F-F117DF30FEEA}.Debug|Any CPU.Build.0 = Debug|Any CPU
		{4CD38611-87C0-4D20-B61F-F117DF30FEEA}.Release|Any CPU.ActiveCfg = Release|Any CPU
		{4CD38611-87C0-4D20-B61F-F117DF30FEEA}.Release|Any CPU.Build.0 = Release|Any CPU
	EndGlobalSection
	GlobalSection(SolutionProperties) = preSolution
		HideSolutionNode = FALSE
	EndGlobalSection
	GlobalSection(ExtensibilityGlobals) = postSolution
		SolutionGuid = {4AF19870-4B94-487E-9DF0-190EBEA6C8C6}
	EndGlobalSection
EndGlobal
